
Microsoft Visual Studio Solution File, Format Version 12.00
# Visual Studio Version 17
VisualStudioVersion = 17.2.32526.322
MinimumVisualStudioVersion = 10.0.40219.1
Project("{FAE04EC0-301F-11D3-BF4B-00C04F79EFBC}") = "Social Card App", "Social Card App.csproj", "{1CFAEED4-1C7D-464E-984C-7EB09D899534}"
EndProject
Global
	GlobalSection(SolutionConfigurationPlatforms) = preSolution
		Debug|Any CPU = Debug|Any CPU
		Release|Any CPU = Release|Any CPU
	EndGlobalSection
	GlobalSection(ProjectConfigurationPlatforms) = postSolution
		{1CFAEED4-1C7D-464E-984C-7EB09D899534}.Debug|Any CPU.ActiveCfg = Debug|Any CPU
		{1CFAEED4-1C7D-464E-984C-7EB09D899534}.Debug|Any CPU.Build.0 = Debug|Any CPU
		{1CFAEED4-1C7D-464E-984C-7EB09D899534}.Release|Any CPU.ActiveCfg = Release|Any CPU
		{1CFAEED4-1C7D-464E-984C-7EB09D899534}.Release|Any CPU.Build.0 = Release|Any CPU
	EndGlobalSection
	GlobalSection(SolutionProperties) = preSolution
		HideSolutionNode = FALSE
	EndGlobalSection
	GlobalSection(ExtensibilityGlobals) = postSolution
		SolutionGuid = {94298247-E9B3-4295-89C4-04CDFF266A42}
	EndGlobalSection
EndGlobal
